// !$*UTF8*$!
{
	archiveVersion = 1;
	classes = {
	};
	objectVersion = 50;
	objects = {

/* Begin PBXBuildFile section */
		1919EDB824B042EA00D0D6BD /* AppDelegate.swift in Sources */ = {isa = PBXBuildFile; fileRef = 1919EDB724B042EA00D0D6BD /* AppDelegate.swift */; };
		1919EDBA24B042EA00D0D6BD /* SceneDelegate.swift in Sources */ = {isa = PBXBuildFile; fileRef = 1919EDB924B042EA00D0D6BD /* SceneDelegate.swift */; };
		1919EDBC24B042EA00D0D6BD /* ViewController.swift in Sources */ = {isa = PBXBuildFile; fileRef = 1919EDBB24B042EA00D0D6BD /* ViewController.swift */; };
		1919EDBF24B042EA00D0D6BD /* Main.storyboard in Resources */ = {isa = PBXBuildFile; fileRef = 1919EDBD24B042EA00D0D6BD /* Main.storyboard */; };
		1919EDC124B042EC00D0D6BD /* Assets.xcassets in Resources */ = {isa = PBXBuildFile; fileRef = 1919EDC024B042EC00D0D6BD /* Assets.xcassets */; };
		1919EDC424B042EC00D0D6BD /* LaunchScreen.storyboard in Resources */ = {isa = PBXBuildFile; fileRef = 1919EDC224B042EC00D0D6BD /* LaunchScreen.storyboard */; };
/* End PBXBuildFile section */

/* Begin PBXFileReference section */
		1919EDB424B042EA00D0D6BD /* Bomapp.app */ = {isa = PBXFileReference; explicitFileType = wrapper.application; includeInIndex = 0; path = Bomapp.app; sourceTree = BUILT_PRODUCTS_DIR; };
		1919EDB724B042EA00D0D6BD /* AppDelegate.swift */ = {isa = PBXFileReference; lastKnownFileType = sourcecode.swift; path = AppDelegate.swift; sourceTree = "<group>"; };
		1919EDB924B042EA00D0D6BD /* SceneDelegate.swift */ = {isa = PBXFileReference; lastKnownFileType = sourcecode.swift; path = SceneDelegate.swift; sourceTree = "<group>"; };
		1919EDBB24B042EA00D0D6BD /* ViewController.swift */ = {isa = PBXFileReference; lastKnownFileType = sourcecode.swift; path = ViewController.swift; sourceTree = "<group>"; };
		1919EDBE24B042EA00D0D6BD /* Base */ = {isa = PBXFileReference; lastKnownFileType = file.storyboard; name = Base; path = Base.lproj/Main.storyboard; sourceTree = "<group>"; };
		1919EDC024B042EC00D0D6BD /* Assets.xcassets */ = {isa = PBXFileReference; lastKnownFileType = folder.assetcatalog; path = Assets.xcassets; sourceTree = "<group>"; };
		1919EDC324B042EC00D0D6BD /* Base */ = {isa = PBXFileReference; lastKnownFileType = file.storyboard; name = Base; path = Base.lproj/LaunchScreen.storyboard; sourceTree = "<group>"; };
		1919EDC524B042EC00D0D6BD /* Info.plist */ = {isa = PBXFileReference; lastKnownFileType = text.plist.xml; path = Info.plist; sourceTree = "<group>"; };
/* End PBXFileReference section */

/* Begin PBXFrameworksBuildPhase section */
		1919EDB124B042EA00D0D6BD /* Frameworks */ = {
			isa = PBXFrameworksBuildPhase;
			buildActionMask = 2147483647;
			files = (
			);
			runOnlyForDeploymentPostprocessing = 0;
		};
/* End PBXFrameworksBuildPhase section */

/* Begin PBXGroup section */
		1919EDAB24B042EA00D0D6BD = {
			isa = PBXGroup;
			children = (
				1919EDB624B042EA00D0D6BD /* Bomapp */,
				1919EDB524B042EA00D0D6BD /* Products */,
			);
			sourceTree = "<group>";
		};
		1919EDB524B042EA00D0D6BD /* Products */ = {
			isa = PBXGroup;
			children = (
				1919EDB424B042EA00D0D6BD /* Bomapp.app */,
			);
			name = Products;
			sourceTree = "<group>";
		};
		1919EDB624B042EA00D0D6BD /* Bomapp */ = {
			isa = PBXGroup;
			children = (
				1919EDB724B042EA00D0D6BD /* AppDelegate.swift */,
				1919EDB924B042EA00D0D6BD /* SceneDelegate.swift */,
				1919EDBB24B042EA00D0D6BD /* ViewController.swift */,
				1919EDBD24B042EA00D0D6BD /* Main.storyboard */,
				1919EDC024B042EC00D0D6BD /* Assets.xcassets */,
				1919EDC224B042EC00D0D6BD /* LaunchScreen.storyboard */,
				1919EDC524B042EC00D0D6BD /* Info.plist */,
			);
			path = Bomapp;
			sourceTree = "<group>";
		};
/* End PBXGroup section */

/* Begin PBXNativeTarget section */
		1919EDB324B042EA00D0D6BD /* Bomapp */ = {
			isa = PBXNativeTarget;
			buildConfigurationList = 1919EDC824B042EC00D0D6BD /* Build configuration list for PBXNativeTarget "Bomapp" */;
			buildPhases = (
				1919EDB024B042EA00D0D6BD /* Sources */,
				1919EDB124B042EA00D0D6BD /* Frameworks */,
				1919EDB224B042EA00D0D6BD /* Resources */,
			);
			buildRules = (
			);
			dependencies = (
			);
			name = Bomapp;
			productName = Bomapp;
			productReference = 1919EDB424B042EA00D0D6BD /* Bomapp.app */;
			productType = "com.apple.product-type.application";
		};
/* End PBXNativeTarget section */

/* Begin PBXProject section */
		1919EDAC24B042EA00D0D6BD /* Project object */ = {
			isa = PBXProject;
			attributes = {
				LastSwiftUpdateCheck = 1140;
				LastUpgradeCheck = 1140;
				ORGANIZATIONNAME = "Yong Seok Kim";
				TargetAttributes = {
					1919EDB324B042EA00D0D6BD = {
						CreatedOnToolsVersion = 11.4.1;
					};
				};
			};
			buildConfigurationList = 1919EDAF24B042EA00D0D6BD /* Build configuration list for PBXProject "Bomapp" */;
			compatibilityVersion = "Xcode 9.3";
			developmentRegion = en;
			hasScannedForEncodings = 0;
			knownRegions = (
				en,
				Base,
			);
			mainGroup = 1919EDAB24B042EA00D0D6BD;
			productRefGroup = 1919EDB524B042EA00D0D6BD /* Products */;
			projectDirPath = "";
			projectRoot = "";
			targets = (
				1919EDB324B042EA00D0D6BD /* Bomapp */,
			);
		};
/* End PBXProject section */

/* Begin PBXResourcesBuildPhase section */
		1919EDB224B042EA00D0D6BD /* Resources */ = {
			isa = PBXResourcesBuildPhase;
			buildActionMask = 2147483647;
			files = (
				1919EDC424B042EC00D0D6BD /* LaunchScreen.storyboard in Resources */,
				1919EDC124B042EC00D0D6BD /* Assets.xcassets in Resources */,
				1919EDBF24B042EA00D0D6BD /* Main.storyboard in Resources */,
			);
			runOnlyForDeploymentPostprocessing = 0;
		};
/* End PBXResourcesBuildPhase section */

/* Begin PBXSourcesBuildPhase section */
		1919EDB024B042EA00D0D6BD /* Sources */ = {
			isa = PBXSourcesBuildPhase;
			buildActionMask = 2147483647;
			files = (
				1919EDBC24B042EA00D0D6BD /* ViewController.swift in Sources */,
				1919EDB824B042EA00D0D6BD /* AppDelegate.swift in Sources */,
				1919EDBA24B042EA00D0D6BD /* SceneDelegate.swift in Sources */,
			);
			runOnlyForDeploymentPostprocessing = 0;
		};
/* End PBXSourcesBuildPhase section */

/* Begin PBXVariantGroup section */
		1919EDBD24B042EA00D0D6BD /* Main.storyboard */ = {
			isa = PBXVariantGroup;
			children = (
				1919EDBE24B042EA00D0D6BD /* Base */,
			);
			name = Main.storyboard;
			sourceTree = "<group>";
		};
		1919EDC224B042EC00D0D6BD /* LaunchScreen.storyboard */ = {
			isa = PBXVariantGroup;
			children = (
				1919EDC324B042EC00D0D6BD /* Base */,
			);
			name = LaunchScreen.storyboard;
			sourceTree = "<group>";
		};
/* End PBXVariantGroup section */

/* Begin XCBuildConfiguration section */
		1919EDC624B042EC00D0D6BD /* Debug */ = {
			isa = XCBuildConfiguration;
			buildSettings = {
				ALWAYS_SEARCH_USER_PATHS = NO;
				CLANG_ANALYZER_NONNULL = YES;
				CLANG_ANALYZER_NUMBER_OBJECT_CONVERSION = YES_AGGRESSIVE;
				CLANG_CXX_LANGUAGE_STANDARD = "gnu++14";
				CLANG_CXX_LIBRARY = "libc++";
				CLANG_ENABLE_MODULES = YES;
				CLANG_ENABLE_OBJC_ARC = YES;
				CLANG_ENABLE_OBJC_WEAK = YES;
				CLANG_WARN_BLOCK_CAPTURE_AUTORELEASING = YES;
				CLANG_WARN_BOOL_CONVERSION = YES;
				CLANG_WARN_COMMA = YES;
				CLANG_WARN_CONSTANT_CONVERSION = YES;
				CLANG_WARN_DEPRECATED_OBJC_IMPLEMENTATIONS = YES;
				CLANG_WARN_DIRECT_OBJC_ISA_USAGE = YES_ERROR;
				CLANG_WARN_DOCUMENTATION_COMMENTS = YES;
				CLANG_WARN_EMPTY_BODY = YES;
				CLANG_WARN_ENUM_CONVERSION = YES;
				CLANG_WARN_INFINITE_RECURSION = YES;
				CLANG_WARN_INT_CONVERSION = YES;
				CLANG_WARN_NON_LITERAL_NULL_CONVERSION = YES;
				CLANG_WARN_OBJC_IMPLICIT_RETAIN_SELF = YES;
				CLANG_WARN_OBJC_LITERAL_CONVERSION = YES;
				CLANG_WARN_OBJC_ROOT_CLASS = YES_ERROR;
				CLANG_WARN_RANGE_LOOP_ANALYSIS = YES;
				CLANG_WARN_STRICT_PROTOTYPES = YES;
				CLANG_WARN_SUSPICIOUS_MOVE = YES;
				CLANG_WARN_UNGUARDED_AVAILABILITY = YES_AGGRESSIVE;
				CLANG_WARN_UNREACHABLE_CODE = YES;
				CLANG_WARN__DUPLICATE_METHOD_MATCH = YES;
				COPY_PHASE_STRIP = NO;
				DEBUG_INFORMATION_FORMAT = dwarf;
				ENABLE_STRICT_OBJC_MSGSEND = YES;
				ENABLE_TESTABILITY = YES;
				GCC_C_LANGUAGE_STANDARD = gnu11;
				GCC_DYNAMIC_NO_PIC = NO;
				GCC_NO_COMMON_BLOCKS = YES;
				GCC_OPTIMIZATION_LEVEL = 0;
				GCC_PREPROCESSOR_DEFINITIONS = (
					"DEBUG=1",
					"$(inherited)",
				);
				GCC_WARN_64_TO_32_BIT_CONVERSION = YES;
				GCC_WARN_ABOUT_RETURN_TYPE = YES_ERROR;
				GCC_WARN_UNDECLARED_SELECTOR = YES;
				GCC_WARN_UNINITIALIZED_AUTOS = YES_AGGRESSIVE;
				GCC_WARN_UNUSED_FUNCTION = YES;
				GCC_WARN_UNUSED_VARIABLE = YES;
				IPHONEOS_DEPLOYMENT_TARGET = 13.4;
				MTL_ENABLE_DEBUG_INFO = INCLUDE_SOURCE;
				MTL_FAST_MATH = YES;
				ONLY_ACTIVE_ARCH = YES;
				SDKROOT = iphoneos;
				SWIFT_ACTIVE_COMPILATION_CONDITIONS = DEBUG;
				SWIFT_OPTIMIZATION_LEVEL = "-Onone";
			};
			name = Debug;
		};
		1919EDC724B042EC00D0D6BD /* Release */ = {
			isa = XCBuildConfiguration;
			buildSettings = {
				ALWAYS_SEARCH_USER_PATHS = NO;
				CLANG_ANALYZER_NONNULL = YES;
				CLANG_ANALYZER_NUMBER_OBJECT_CONVERSION = YES_AGGRESSIVE;
				CLANG_CXX_LANGUAGE_STANDARD = "gnu++14";
				CLANG_CXX_LIBRARY = "libc++";
				CLANG_ENABLE_MODULES = YES;
				CLANG_ENABLE_OBJC_ARC = YES;
				CLANG_ENABLE_OBJC_WEAK = YES;
				CLANG_WARN_BLOCK_CAPTURE_AUTORELEASING = YES;
				CLANG_WARN_BOOL_CONVERSION = YES;
				CLANG_WARN_COMMA = YES;
				CLANG_WARN_CONSTANT_CONVERSION = YES;
				CLANG_WARN_DEPRECATED_OBJC_IMPLEMENTATIONS = YES;
				CLANG_WARN_DIRECT_OBJC_ISA_USAGE = YES_ERROR;
				CLANG_WARN_DOCUMENTATION_COMMENTS = YES;
				CLANG_WARN_EMPTY_BODY = YES;
				CLANG_WARN_ENUM_CONVERSION = YES;
				CLANG_WARN_INFINITE_RECURSION = YES;
				CLANG_WARN_INT_CONVERSION = YES;
				CLANG_WARN_NON_LITERAL_NULL_CONVERSION = YES;
				CLANG_WARN_OBJC_IMPLICIT_RETAIN_SELF = YES;
				CLANG_WARN_OBJC_LITERAL_CONVERSION = YES;
				CLANG_WARN_OBJC_ROOT_CLASS = YES_ERROR;
				CLANG_WARN_RANGE_LOOP_ANALYSIS = YES;
				CLANG_WARN_STRICT_PROTOTYPES = YES;
				CLANG_WARN_SUSPICIOUS_MOVE = YES;
				CLANG_WARN_UNGUARDED_AVAILABILITY = YES_AGGRESSIVE;
				CLANG_WARN_UNREACHABLE_CODE = YES;
				CLANG_WARN__DUPLICATE_METHOD_MATCH = YES;
				COPY_PHASE_STRIP = NO;
				DEBUG_INFORMATION_FORMAT = "dwarf-with-dsym";
				ENABLE_NS_ASSERTIONS = NO;
				ENABLE_STRICT_OBJC_MSGSEND = YES;
				GCC_C_LANGUAGE_STANDARD = gnu11;
				GCC_NO_COMMON_BLOCKS = YES;
				GCC_WARN_64_TO_32_BIT_CONVERSION = YES;
				GCC_WARN_ABOUT_RETURN_TYPE = YES_ERROR;
				GCC_WARN_UNDECLARED_SELECTOR = YES;
				GCC_WARN_UNINITIALIZED_AUTOS = YES_AGGRESSIVE;
				GCC_WARN_UNUSED_FUNCTION = YES;
				GCC_WARN_UNUSED_VARIABLE = YES;
				IPHONEOS_DEPLOYMENT_TARGET = 13.4;
				MTL_ENABLE_DEBUG_INFO = NO;
				MTL_FAST_MATH = YES;
				SDKROOT = iphoneos;
				SWIFT_COMPILATION_MODE = wholemodule;
				SWIFT_OPTIMIZATION_LEVEL = "-O";
				VALIDATE_PRODUCT = YES;
			};
			name = Release;
		};
		1919EDC924B042EC00D0D6BD /* Debug */ = {
			isa = XCBuildConfiguration;
			buildSettings = {
				ASSETCATALOG_COMPILER_APPICON_NAME = AppIcon;
				CODE_SIGN_STYLE = Automatic;
				INFOPLIST_FILE = Bomapp/Info.plist;
				LD_RUNPATH_SEARCH_PATHS = (
					"$(inherited)",
					"@executable_path/Frameworks",
				);
				PRODUCT_BUNDLE_IDENTIFIER = "com.-Bomapp.Bomapp";
				PRODUCT_NAME = "$(TARGET_NAME)";
				SWIFT_VERSION = 5.0;
				TARGETED_DEVICE_FAMILY = "1,2";
			};
			name = Debug;
		};
		1919EDCA24B042EC00D0D6BD /* Release */ = {
			isa = XCBuildConfiguration;
			buildSettings = {
				ASSETCATALOG_COMPILER_APPICON_NAME = AppIcon;
				CODE_SIGN_STYLE = Automatic;
				INFOPLIST_FILE = Bomapp/Info.plist;
				LD_RUNPATH_SEARCH_PATHS = (
					"$(inherited)",
					"@executable_path/Frameworks",
				);
				PRODUCT_BUNDLE_IDENTIFIER = "com.-Bomapp.Bomapp";
				PRODUCT_NAME = "$(TARGET_NAME)";
				SWIFT_VERSION = 5.0;
				TARGETED_DEVICE_FAMILY = "1,2";
			};
			name = Release;
		};
/* End XCBuildConfiguration section */

/* Begin XCConfigurationList section */
		1919EDAF24B042EA00D0D6BD /* Build configuration list for PBXProject "Bomapp" */ = {
			isa = XCConfigurationList;
			buildConfigurations = (
				1919EDC624B042EC00D0D6BD /* Debug */,
				1919EDC724B042EC00D0D6BD /* Release */,
			);
			defaultConfigurationIsVisible = 0;
			defaultConfigurationName = Release;
		};
		1919EDC824B042EC00D0D6BD /* Build configuration list for PBXNativeTarget "Bomapp" */ = {
			isa = XCConfigurationList;
			buildConfigurations = (
				1919EDC924B042EC00D0D6BD /* Debug */,
				1919EDCA24B042EC00D0D6BD /* Release */,
			);
			defaultConfigurationIsVisible = 0;
			defaultConfigurationName = Release;
		};
/* End XCConfigurationList section */
	};
	rootObject = 1919EDAC24B042EA00D0D6BD /* Project object */;
}
